// !$*UTF8*$!
{
	archiveVersion = 1;
	classes = {
	};
	objectVersion = 50;
	objects = {

/* Begin PBXBuildFile section */
		5E74091D274C6D61002E0937 /* AppDelegate.swift in Sources */ = {isa = PBXBuildFile; fileRef = 5E74091C274C6D61002E0937 /* AppDelegate.swift */; };
		5E74091F274C6D61002E0937 /* SceneDelegate.swift in Sources */ = {isa = PBXBuildFile; fileRef = 5E74091E274C6D61002E0937 /* SceneDelegate.swift */; };
		5E740921274C6D61002E0937 /* ViewController.swift in Sources */ = {isa = PBXBuildFile; fileRef = 5E740920274C6D61002E0937 /* ViewController.swift */; };
		5E740924274C6D61002E0937 /* Main.storyboard in Resources */ = {isa = PBXBuildFile; fileRef = 5E740922274C6D61002E0937 /* Main.storyboard */; };
		5E740926274C6D63002E0937 /* Assets.xcassets in Resources */ = {isa = PBXBuildFile; fileRef = 5E740925274C6D63002E0937 /* Assets.xcassets */; };
		5E740929274C6D63002E0937 /* LaunchScreen.storyboard in Resources */ = {isa = PBXBuildFile; fileRef = 5E740927274C6D63002E0937 /* LaunchScreen.storyboard */; };
		5E740937274C6DC7002E0937 /* WidgetKit.framework in Frameworks */ = {isa = PBXBuildFile; fileRef = 5E740936274C6DC7002E0937 /* WidgetKit.framework */; };
		5E740939274C6DC7002E0937 /* SwiftUI.framework in Frameworks */ = {isa = PBXBuildFile; fileRef = 5E740938274C6DC7002E0937 /* SwiftUI.framework */; };
		5E74093C274C6DC7002E0937 /* DemoWidget.swift in Sources */ = {isa = PBXBuildFile; fileRef = 5E74093B274C6DC7002E0937 /* DemoWidget.swift */; };
		5E74093E274C6DC8002E0937 /* Assets.xcassets in Resources */ = {isa = PBXBuildFile; fileRef = 5E74093D274C6DC8002E0937 /* Assets.xcassets */; };
		5E740942274C6DC8002E0937 /* DemoWidgetExtension.appex in Embed App Extensions */ = {isa = PBXBuildFile; fileRef = 5E740934274C6DC7002E0937 /* DemoWidgetExtension.appex */; settings = {ATTRIBUTES = (RemoveHeadersOnCopy, ); }; };
/* End PBXBuildFile section */

/* Begin PBXContainerItemProxy section */
		5E740940274C6DC8002E0937 /* PBXContainerItemProxy */ = {
			isa = PBXContainerItemProxy;
			containerPortal = 5E740911274C6D61002E0937 /* Project object */;
			proxyType = 1;
			remoteGlobalIDString = 5E740933274C6DC7002E0937;
			remoteInfo = DemoWidgetExtension;
		};
/* End PBXContainerItemProxy section */

/* Begin PBXCopyFilesBuildPhase section */
		5E740946274C6DC8002E0937 /* Embed App Extensions */ = {
			isa = PBXCopyFilesBuildPhase;
			buildActionMask = 2147483647;
			dstPath = "";
			dstSubfolderSpec = 13;
			files = (
				5E740942274C6DC8002E0937 /* DemoWidgetExtension.appex in Embed App Extensions */,
			);
			name = "Embed App Extensions";
			runOnlyForDeploymentPostprocessing = 0;
		};
/* End PBXCopyFilesBuildPhase section */

/* Begin PBXFileReference section */
		5E740919274C6D61002E0937 /* BasicWidget.app */ = {isa = PBXFileReference; explicitFileType = wrapper.application; includeInIndex = 0; path = BasicWidget.app; sourceTree = BUILT_PRODUCTS_DIR; };
		5E74091C274C6D61002E0937 /* AppDelegate.swift */ = {isa = PBXFileReference; lastKnownFileType = sourcecode.swift; path = AppDelegate.swift; sourceTree = "<group>"; };
		5E74091E274C6D61002E0937 /* SceneDelegate.swift */ = {isa = PBXFileReference; lastKnownFileType = sourcecode.swift; path = SceneDelegate.swift; sourceTree = "<group>"; };
		5E740920274C6D61002E0937 /* ViewController.swift */ = {isa = PBXFileReference; lastKnownFileType = sourcecode.swift; path = ViewController.swift; sourceTree = "<group>"; };
		5E740923274C6D61002E0937 /* Base */ = {isa = PBXFileReference; lastKnownFileType = file.storyboard; name = Base; path = Base.lproj/Main.storyboard; sourceTree = "<group>"; };
		5E740925274C6D63002E0937 /* Assets.xcassets */ = {isa = PBXFileReference; lastKnownFileType = folder.assetcatalog; path = Assets.xcassets; sourceTree = "<group>"; };
		5E740928274C6D63002E0937 /* Base */ = {isa = PBXFileReference; lastKnownFileType = file.storyboard; name = Base; path = Base.lproj/LaunchScreen.storyboard; sourceTree = "<group>"; };
		5E74092A274C6D63002E0937 /* Info.plist */ = {isa = PBXFileReference; lastKnownFileType = text.plist.xml; path = Info.plist; sourceTree = "<group>"; };
		5E740934274C6DC7002E0937 /* DemoWidgetExtension.appex */ = {isa = PBXFileReference; explicitFileType = "wrapper.app-extension"; includeInIndex = 0; path = DemoWidgetExtension.appex; sourceTree = BUILT_PRODUCTS_DIR; };
		5E740936274C6DC7002E0937 /* WidgetKit.framework */ = {isa = PBXFileReference; lastKnownFileType = wrapper.framework; name = WidgetKit.framework; path = System/Library/Frameworks/WidgetKit.framework; sourceTree = SDKROOT; };
		5E740938274C6DC7002E0937 /* SwiftUI.framework */ = {isa = PBXFileReference; lastKnownFileType = wrapper.framework; name = SwiftUI.framework; path = System/Library/Frameworks/SwiftUI.framework; sourceTree = SDKROOT; };
		5E74093B274C6DC7002E0937 /* DemoWidget.swift */ = {isa = PBXFileReference; lastKnownFileType = sourcecode.swift; path = DemoWidget.swift; sourceTree = "<group>"; };
		5E74093D274C6DC8002E0937 /* Assets.xcassets */ = {isa = PBXFileReference; lastKnownFileType = folder.assetcatalog; path = Assets.xcassets; sourceTree = "<group>"; };
		5E74093F274C6DC8002E0937 /* Info.plist */ = {isa = PBXFileReference; lastKnownFileType = text.plist.xml; path = Info.plist; sourceTree = "<group>"; };
/* End PBXFileReference section */

/* Begin PBXFrameworksBuildPhase section */
		5E740916274C6D61002E0937 /* Frameworks */ = {
			isa = PBXFrameworksBuildPhase;
			buildActionMask = 2147483647;
			files = (
			);
			runOnlyForDeploymentPostprocessing = 0;
		};
		5E740931274C6DC7002E0937 /* Frameworks */ = {
			isa = PBXFrameworksBuildPhase;
			buildActionMask = 2147483647;
			files = (
				5E740939274C6DC7002E0937 /* SwiftUI.framework in Frameworks */,
				5E740937274C6DC7002E0937 /* WidgetKit.framework in Frameworks */,
			);
			runOnlyForDeploymentPostprocessing = 0;
		};
/* End PBXFrameworksBuildPhase section */

/* Begin PBXGroup section */
		5E740910274C6D61002E0937 = {
			isa = PBXGroup;
			children = (
				5E74091B274C6D61002E0937 /* BasicWidget */,
				5E74093A274C6DC7002E0937 /* DemoWidget */,
				5E740935274C6DC7002E0937 /* Frameworks */,
				5E74091A274C6D61002E0937 /* Products */,
			);
			sourceTree = "<group>";
		};
		5E74091A274C6D61002E0937 /* Products */ = {
			isa = PBXGroup;
			children = (
				5E740919274C6D61002E0937 /* BasicWidget.app */,
				5E740934274C6DC7002E0937 /* DemoWidgetExtension.appex */,
			);
			name = Products;
			sourceTree = "<group>";
		};
		5E74091B274C6D61002E0937 /* BasicWidget */ = {
			isa = PBXGroup;
			children = (
				5E74091C274C6D61002E0937 /* AppDelegate.swift */,
				5E74091E274C6D61002E0937 /* SceneDelegate.swift */,
				5E740920274C6D61002E0937 /* ViewController.swift */,
				5E740922274C6D61002E0937 /* Main.storyboard */,
				5E740925274C6D63002E0937 /* Assets.xcassets */,
				5E740927274C6D63002E0937 /* LaunchScreen.storyboard */,
				5E74092A274C6D63002E0937 /* Info.plist */,
			);
			path = BasicWidget;
			sourceTree = "<group>";
		};
		5E740935274C6DC7002E0937 /* Frameworks */ = {
			isa = PBXGroup;
			children = (
				5E740936274C6DC7002E0937 /* WidgetKit.framework */,
				5E740938274C6DC7002E0937 /* SwiftUI.framework */,
			);
			name = Frameworks;
			sourceTree = "<group>";
		};
		5E74093A274C6DC7002E0937 /* DemoWidget */ = {
			isa = PBXGroup;
			children = (
				5E74093B274C6DC7002E0937 /* DemoWidget.swift */,
				5E74093D274C6DC8002E0937 /* Assets.xcassets */,
				5E74093F274C6DC8002E0937 /* Info.plist */,
			);
			path = DemoWidget;
			sourceTree = "<group>";
		};
/* End PBXGroup section */

/* Begin PBXNativeTarget section */
		5E740918274C6D61002E0937 /* BasicWidget */ = {
			isa = PBXNativeTarget;
			buildConfigurationList = 5E74092D274C6D63002E0937 /* Build configuration list for PBXNativeTarget "BasicWidget" */;
			buildPhases = (
				5E740915274C6D61002E0937 /* Sources */,
				5E740916274C6D61002E0937 /* Frameworks */,
				5E740917274C6D61002E0937 /* Resources */,
				5E740946274C6DC8002E0937 /* Embed App Extensions */,
			);
			buildRules = (
			);
			dependencies = (
				5E740941274C6DC8002E0937 /* PBXTargetDependency */,
			);
			name = BasicWidget;
			productName = BasicWidget;
			productReference = 5E740919274C6D61002E0937 /* BasicWidget.app */;
			productType = "com.apple.product-type.application";
		};
		5E740933274C6DC7002E0937 /* DemoWidgetExtension */ = {
			isa = PBXNativeTarget;
			buildConfigurationList = 5E740943274C6DC8002E0937 /* Build configuration list for PBXNativeTarget "DemoWidgetExtension" */;
			buildPhases = (
				5E740930274C6DC7002E0937 /* Sources */,
				5E740931274C6DC7002E0937 /* Frameworks */,
				5E740932274C6DC7002E0937 /* Resources */,
			);
			buildRules = (
			);
			dependencies = (
			);
			name = DemoWidgetExtension;
			productName = DemoWidgetExtension;
			productReference = 5E740934274C6DC7002E0937 /* DemoWidgetExtension.appex */;
			productType = "com.apple.product-type.app-extension";
		};
/* End PBXNativeTarget section */

/* Begin PBXProject section */
		5E740911274C6D61002E0937 /* Project object */ = {
			isa = PBXProject;
			attributes = {
				LastSwiftUpdateCheck = 1250;
				LastUpgradeCheck = 1250;
				TargetAttributes = {
					5E740918274C6D61002E0937 = {
						CreatedOnToolsVersion = 12.5.1;
					};
					5E740933274C6DC7002E0937 = {
						CreatedOnToolsVersion = 12.5.1;
					};
				};
			};
			buildConfigurationList = 5E740914274C6D61002E0937 /* Build configuration list for PBXProject "BasicWidget" */;
			compatibilityVersion = "Xcode 9.3";
			developmentRegion = en;
			hasScannedForEncodings = 0;
			knownRegions = (
				en,
				Base,
			);
			mainGroup = 5E740910274C6D61002E0937;
			productRefGroup = 5E74091A274C6D61002E0937 /* Products */;
			projectDirPath = "";
			projectRoot = "";
			targets = (
				5E740918274C6D61002E0937 /* BasicWidget */,
				5E740933274C6DC7002E0937 /* DemoWidgetExtension */,
			);
		};
/* End PBXProject section */

/* Begin PBXResourcesBuildPhase section */
		5E740917274C6D61002E0937 /* Resources */ = {
			isa = PBXResourcesBuildPhase;
			buildActionMask = 2147483647;
			files = (
				5E740929274C6D63002E0937 /* LaunchScreen.storyboard in Resources */,
				5E740926274C6D63002E0937 /* Assets.xcassets in Resources */,
				5E740924274C6D61002E0937 /* Main.storyboard in Resources */,
			);
			runOnlyForDeploymentPostprocessing = 0;
		};
		5E740932274C6DC7002E0937 /* Resources */ = {
			isa = PBXResourcesBuildPhase;
			buildActionMask = 2147483647;
			files = (
				5E74093E274C6DC8002E0937 /* Assets.xcassets in Resources */,
			);
			runOnlyForDeploymentPostprocessing = 0;
		};
/* End PBXResourcesBuildPhase section */

/* Begin PBXSourcesBuildPhase section */
		5E740915274C6D61002E0937 /* Sources */ = {
			isa = PBXSourcesBuildPhase;
			buildActionMask = 2147483647;
			files = (
				5E740921274C6D61002E0937 /* ViewController.swift in Sources */,
				5E74091D274C6D61002E0937 /* AppDelegate.swift in Sources */,
				5E74091F274C6D61002E0937 /* SceneDelegate.swift in Sources */,
			);
			runOnlyForDeploymentPostprocessing = 0;
		};
		5E740930274C6DC7002E0937 /* Sources */ = {
			isa = PBXSourcesBuildPhase;
			buildActionMask = 2147483647;
			files = (
				5E74093C274C6DC7002E0937 /* DemoWidget.swift in Sources */,
			);
			runOnlyForDeploymentPostprocessing = 0;
		};
/* End PBXSourcesBuildPhase section */

/* Begin PBXTargetDependency section */
		5E740941274C6DC8002E0937 /* PBXTargetDependency */ = {
			isa = PBXTargetDependency;
			target = 5E740933274C6DC7002E0937 /* DemoWidgetExtension */;
			targetProxy = 5E740940274C6DC8002E0937 /* PBXContainerItemProxy */;
		};
/* End PBXTargetDependency section */

/* Begin PBXVariantGroup section */
		5E740922274C6D61002E0937 /* Main.storyboard */ = {
			isa = PBXVariantGroup;
			children = (
				5E740923274C6D61002E0937 /* Base */,
			);
			name = Main.storyboard;
			sourceTree = "<group>";
		};
		5E740927274C6D63002E0937 /* LaunchScreen.storyboard */ = {
			isa = PBXVariantGroup;
			children = (
				5E740928274C6D63002E0937 /* Base */,
			);
			name = LaunchScreen.storyboard;
			sourceTree = "<group>";
		};
/* End PBXVariantGroup section */

/* Begin XCBuildConfiguration section */
		5E74092B274C6D63002E0937 /* Debug */ = {
			isa = XCBuildConfiguration;
			buildSettings = {
				ALWAYS_SEARCH_USER_PATHS = NO;
				CLANG_ANALYZER_NONNULL = YES;
				CLANG_ANALYZER_NUMBER_OBJECT_CONVERSION = YES_AGGRESSIVE;
				CLANG_CXX_LANGUAGE_STANDARD = "gnu++14";
				CLANG_CXX_LIBRARY = "libc++";
				CLANG_ENABLE_MODULES = YES;
				CLANG_ENABLE_OBJC_ARC = YES;
				CLANG_ENABLE_OBJC_WEAK = YES;
				CLANG_WARN_BLOCK_CAPTURE_AUTORELEASING = YES;
				CLANG_WARN_BOOL_CONVERSION = YES;
				CLANG_WARN_COMMA = YES;
				CLANG_WARN_CONSTANT_CONVERSION = YES;
				CLANG_WARN_DEPRECATED_OBJC_IMPLEMENTATIONS = YES;
				CLANG_WARN_DIRECT_OBJC_ISA_USAGE = YES_ERROR;
				CLANG_WARN_DOCUMENTATION_COMMENTS = YES;
				CLANG_WARN_EMPTY_BODY = YES;
				CLANG_WARN_ENUM_CONVERSION = YES;
				CLANG_WARN_INFINITE_RECURSION = YES;
				CLANG_WARN_INT_CONVERSION = YES;
				CLANG_WARN_NON_LITERAL_NULL_CONVERSION = YES;
				CLANG_WARN_OBJC_IMPLICIT_RETAIN_SELF = YES;
				CLANG_WARN_OBJC_LITERAL_CONVERSION = YES;
				CLANG_WARN_OBJC_ROOT_CLASS = YES_ERROR;
				CLANG_WARN_QUOTED_INCLUDE_IN_FRAMEWORK_HEADER = YES;
				CLANG_WARN_RANGE_LOOP_ANALYSIS = YES;
				CLANG_WARN_STRICT_PROTOTYPES = YES;
				CLANG_WARN_SUSPICIOUS_MOVE = YES;
				CLANG_WARN_UNGUARDED_AVAILABILITY = YES_AGGRESSIVE;
				CLANG_WARN_UNREACHABLE_CODE = YES;
				CLANG_WARN__DUPLICATE_METHOD_MATCH = YES;
				COPY_PHASE_STRIP = NO;
				DEBUG_INFORMATION_FORMAT = dwarf;
				ENABLE_STRICT_OBJC_MSGSEND = YES;
				ENABLE_TESTABILITY = YES;
				GCC_C_LANGUAGE_STANDARD = gnu11;
				GCC_DYNAMIC_NO_PIC = NO;
				GCC_NO_COMMON_BLOCKS = YES;
				GCC_OPTIMIZATION_LEVEL = 0;
				GCC_PREPROCESSOR_DEFINITIONS = (
					"DEBUG=1",
					"$(inherited)",
				);
				GCC_WARN_64_TO_32_BIT_CONVERSION = YES;
				GCC_WARN_ABOUT_RETURN_TYPE = YES_ERROR;
				GCC_WARN_UNDECLARED_SELECTOR = YES;
				GCC_WARN_UNINITIALIZED_AUTOS = YES_AGGRESSIVE;
				GCC_WARN_UNUSED_FUNCTION = YES;
				GCC_WARN_UNUSED_VARIABLE = YES;
				IPHONEOS_DEPLOYMENT_TARGET = 14.5;
				MTL_ENABLE_DEBUG_INFO = INCLUDE_SOURCE;
				MTL_FAST_MATH = YES;
				ONLY_ACTIVE_ARCH = YES;
				SDKROOT = iphoneos;
				SWIFT_ACTIVE_COMPILATION_CONDITIONS = DEBUG;
				SWIFT_OPTIMIZATION_LEVEL = "-Onone";
			};
			name = Debug;
		};
		5E74092C274C6D63002E0937 /* Release */ = {
			isa = XCBuildConfiguration;
			buildSettings = {
				ALWAYS_SEARCH_USER_PATHS = NO;
				CLANG_ANALYZER_NONNULL = YES;
				CLANG_ANALYZER_NUMBER_OBJECT_CONVERSION = YES_AGGRESSIVE;
				CLANG_CXX_LANGUAGE_STANDARD = "gnu++14";
				CLANG_CXX_LIBRARY = "libc++";
				CLANG_ENABLE_MODULES = YES;
				CLANG_ENABLE_OBJC_ARC = YES;
				CLANG_ENABLE_OBJC_WEAK = YES;
				CLANG_WARN_BLOCK_CAPTURE_AUTORELEASING = YES;
				CLANG_WARN_BOOL_CONVERSION = YES;
				CLANG_WARN_COMMA = YES;
				CLANG_WARN_CONSTANT_CONVERSION = YES;
				CLANG_WARN_DEPRECATED_OBJC_IMPLEMENTATIONS = YES;
				CLANG_WARN_DIRECT_OBJC_ISA_USAGE = YES_ERROR;
				CLANG_WARN_DOCUMENTATION_COMMENTS = YES;
				CLANG_WARN_EMPTY_BODY = YES;
				CLANG_WARN_ENUM_CONVERSION = YES;
				CLANG_WARN_INFINITE_RECURSION = YES;
				CLANG_WARN_INT_CONVERSION = YES;
				CLANG_WARN_NON_LITERAL_NULL_CONVERSION = YES;
				CLANG_WARN_OBJC_IMPLICIT_RETAIN_SELF = YES;
				CLANG_WARN_OBJC_LITERAL_CONVERSION = YES;
				CLANG_WARN_OBJC_ROOT_CLASS = YES_ERROR;
				CLANG_WARN_QUOTED_INCLUDE_IN_FRAMEWORK_HEADER = YES;
				CLANG_WARN_RANGE_LOOP_ANALYSIS = YES;
				CLANG_WARN_STRICT_PROTOTYPES = YES;
				CLANG_WARN_SUSPICIOUS_MOVE = YES;
				CLANG_WARN_UNGUARDED_AVAILABILITY = YES_AGGRESSIVE;
				CLANG_WARN_UNREACHABLE_CODE = YES;
				CLANG_WARN__DUPLICATE_METHOD_MATCH = YES;
				COPY_PHASE_STRIP = NO;
				DEBUG_INFORMATION_FORMAT = "dwarf-with-dsym";
				ENABLE_NS_ASSERTIONS = NO;
				ENABLE_STRICT_OBJC_MSGSEND = YES;
				GCC_C_LANGUAGE_STANDARD = gnu11;
				GCC_NO_COMMON_BLOCKS = YES;
				GCC_WARN_64_TO_32_BIT_CONVERSION = YES;
				GCC_WARN_ABOUT_RETURN_TYPE = YES_ERROR;
				GCC_WARN_UNDECLARED_SELECTOR = YES;
				GCC_WARN_UNINITIALIZED_AUTOS = YES_AGGRESSIVE;
				GCC_WARN_UNUSED_FUNCTION = YES;
				GCC_WARN_UNUSED_VARIABLE = YES;
				IPHONEOS_DEPLOYMENT_TARGET = 14.5;
				MTL_ENABLE_DEBUG_INFO = NO;
				MTL_FAST_MATH = YES;
				SDKROOT = iphoneos;
				SWIFT_COMPILATION_MODE = wholemodule;
				SWIFT_OPTIMIZATION_LEVEL = "-O";
				VALIDATE_PRODUCT = YES;
			};
			name = Release;
		};
		5E74092E274C6D63002E0937 /* Debug */ = {
			isa = XCBuildConfiguration;
			buildSettings = {
				ALWAYS_EMBED_SWIFT_STANDARD_LIBRARIES = YES;
				ASSETCATALOG_COMPILER_APPICON_NAME = AppIcon;
				ASSETCATALOG_COMPILER_GLOBAL_ACCENT_COLOR_NAME = AccentColor;
				CODE_SIGN_STYLE = Automatic;
				DEVELOPMENT_TEAM = 2BD64E97B6;
				INFOPLIST_FILE = BasicWidget/Info.plist;
				LD_RUNPATH_SEARCH_PATHS = (
					"$(inherited)",
					"@executable_path/Frameworks",
				);
				PRODUCT_BUNDLE_IDENTIFIER = mateo.com.BasicWidget;
				PRODUCT_NAME = "$(TARGET_NAME)";
				SWIFT_VERSION = 5.0;
				TARGETED_DEVICE_FAMILY = "1,2";
			};
			name = Debug;
		};
		5E74092F274C6D63002E0937 /* Release */ = {
			isa = XCBuildConfiguration;
			buildSettings = {
				ALWAYS_EMBED_SWIFT_STANDARD_LIBRARIES = YES;
				ASSETCATALOG_COMPILER_APPICON_NAME = AppIcon;
				ASSETCATALOG_COMPILER_GLOBAL_ACCENT_COLOR_NAME = AccentColor;
				CODE_SIGN_STYLE = Automatic;
				DEVELOPMENT_TEAM = 2BD64E97B6;
				INFOPLIST_FILE = BasicWidget/Info.plist;
				LD_RUNPATH_SEARCH_PATHS = (
					"$(inherited)",
					"@executable_path/Frameworks",
				);
				PRODUCT_BUNDLE_IDENTIFIER = mateo.com.BasicWidget;
				PRODUCT_NAME = "$(TARGET_NAME)";
				SWIFT_VERSION = 5.0;
				TARGETED_DEVICE_FAMILY = "1,2";
			};
			name = Release;
		};
		5E740944274C6DC8002E0937 /* Debug */ = {
			isa = XCBuildConfiguration;
			buildSettings = {
				ASSETCATALOG_COMPILER_GLOBAL_ACCENT_COLOR_NAME = AccentColor;
				ASSETCATALOG_COMPILER_WIDGET_BACKGROUND_COLOR_NAME = WidgetBackground;
				CODE_SIGN_STYLE = Automatic;
				DEVELOPMENT_TEAM = 2BD64E97B6;
				INFOPLIST_FILE = DemoWidget/Info.plist;
				LD_RUNPATH_SEARCH_PATHS = (
					"$(inherited)",
					"@executable_path/Frameworks",
					"@executable_path/../../Frameworks",
				);
				PRODUCT_BUNDLE_IDENTIFIER = mateo.com.BasicWidget.DemoWidget;
				PRODUCT_NAME = "$(TARGET_NAME)";
				SKIP_INSTALL = YES;
				SWIFT_VERSION = 5.0;
				TARGETED_DEVICE_FAMILY = "1,2";
			};
			name = Debug;
		};
		5E740945274C6DC8002E0937 /* Release */ = {
			isa = XCBuildConfiguration;
			buildSettings = {
				ASSETCATALOG_COMPILER_GLOBAL_ACCENT_COLOR_NAME = AccentColor;
				ASSETCATALOG_COMPILER_WIDGET_BACKGROUND_COLOR_NAME = WidgetBackground;
				CODE_SIGN_STYLE = Automatic;
				DEVELOPMENT_TEAM = 2BD64E97B6;
				INFOPLIST_FILE = DemoWidget/Info.plist;
				LD_RUNPATH_SEARCH_PATHS = (
					"$(inherited)",
					"@executable_path/Frameworks",
					"@executable_path/../../Frameworks",
				);
				PRODUCT_BUNDLE_IDENTIFIER = mateo.com.BasicWidget.DemoWidget;
				PRODUCT_NAME = "$(TARGET_NAME)";
				SKIP_INSTALL = YES;
				SWIFT_VERSION = 5.0;
				TARGETED_DEVICE_FAMILY = "1,2";
			};
			name = Release;
		};
/* End XCBuildConfiguration section */

/* Begin XCConfigurationList section */
		5E740914274C6D61002E0937 /* Build configuration list for PBXProject "BasicWidget" */ = {
			isa = XCConfigurationList;
			buildConfigurations = (
				5E74092B274C6D63002E0937 /* Debug */,
				5E74092C274C6D63002E0937 /* Release */,
			);
			defaultConfigurationIsVisible = 0;
			defaultConfigurationName = Release;
		};
		5E74092D274C6D63002E0937 /* Build configuration list for PBXNativeTarget "BasicWidget" */ = {
			isa = XCConfigurationList;
			buildConfigurations = (
				5E74092E274C6D63002E0937 /* Debug */,
				5E74092F274C6D63002E0937 /* Release */,
			);
			defaultConfigurationIsVisible = 0;
			defaultConfigurationName = Release;
		};
		5E740943274C6DC8002E0937 /* Build configuration list for PBXNativeTarget "DemoWidgetExtension" */ = {
			isa = XCConfigurationList;
			buildConfigurations = (
				5E740944274C6DC8002E0937 /* Debug */,
				5E740945274C6DC8002E0937 /* Release */,
			);
			defaultConfigurationIsVisible = 0;
			defaultConfigurationName = Release;
		};
/* End XCConfigurationList section */
	};
	rootObject = 5E740911274C6D61002E0937 /* Project object */;
}
